{
    "_readme": [
        "This file locks the dependencies of your project to a known state",
        "Read more about it at https://getcomposer.org/doc/01-basic-usage.md#composer-lock-the-lock-file",
        "This file is @generated automatically"
    ],
    "hash": "cea5b198a67c07f86ba0cd0fdf111794",
    "content-hash": "61aa02240dc03cb7e8ca85c9f95afc2f",
    "packages": [
        {
            "name": "doctrine/inflector",
            "version": "v1.1.0",
            "source": {
                "type": "git",
                "url": "https://github.com/doctrine/inflector.git",
                "reference": "90b2128806bfde671b6952ab8bea493942c1fdae"
            },
            "dist": {
                "type": "zip",
                "url": "https://api.github.com/repos/doctrine/inflector/zipball/90b2128806bfde671b6952ab8bea493942c1fdae",
                "reference": "90b2128806bfde671b6952ab8bea493942c1fdae",
                "shasum": ""
            },
            "require": {
                "php": ">=5.3.2"
            },
            "require-dev": {
                "phpunit/phpunit": "4.*"
            },
            "type": "library",
            "extra": {
                "branch-alias": {
                    "dev-master": "1.1.x-dev"
                }
            },
            "autoload": {
                "psr-0": {
                    "Doctrine\\Common\\Inflector\\": "lib/"
                }
            },
            "notification-url": "https://packagist.org/downloads/",
            "license": [
                "MIT"
            ],
            "authors": [
                {
                    "name": "Roman Borschel",
                    "email": "roman@code-factory.org"
                },
                {
                    "name": "Benjamin Eberlei",
                    "email": "kontakt@beberlei.de"
                },
                {
                    "name": "Guilherme Blanco",
                    "email": "guilhermeblanco@gmail.com"
                },
                {
                    "name": "Jonathan Wage",
                    "email": "jonwage@gmail.com"
                },
                {
                    "name": "Johannes Schmitt",
                    "email": "schmittjoh@gmail.com"
                }
            ],
            "description": "Common String Manipulations with regard to casing and singular/plural rules.",
            "homepage": "http://www.doctrine-project.org",
            "keywords": [
                "inflection",
                "pluralize",
                "singularize",
                "string"
            ],
            "time": "2015-11-06 14:35:42"
        },
        {
            "name": "elasticsearch/elasticsearch",
            "version": "v2.3.0",
            "source": {
                "type": "git",
                "url": "https://github.com/elastic/elasticsearch-php.git",
                "reference": "12a400656e4cf4c231d83cb56af3f50a27dcde93"
            },
            "dist": {
                "type": "zip",
                "url": "https://api.github.com/repos/elastic/elasticsearch-php/zipball/12a400656e4cf4c231d83cb56af3f50a27dcde93",
                "reference": "12a400656e4cf4c231d83cb56af3f50a27dcde93",
                "shasum": ""
            },
            "require": {
                "guzzlehttp/ringphp": "~1.0",
                "php": ">=5.4",
                "psr/log": "~1.0"
            },
            "require-dev": {
                "cpliakas/git-wrapper": "~1.0",
                "mockery/mockery": "0.9.4",
                "phpunit/phpunit": "~4.7",
                "sami/sami": "~3.2",
                "symfony/yaml": "2.4.3 as 2.4.2",
                "twig/twig": "1.*"
            },
            "suggest": {
                "ext-curl": "*",
                "monolog/monolog": "Allows for client-level logging and tracing"
            },
            "type": "library",
            "autoload": {
                "psr-4": {
                    "Elasticsearch\\": "src/Elasticsearch/"
                }
            },
            "notification-url": "https://packagist.org/downloads/",
            "license": [
                "Apache-2.0"
            ],
            "authors": [
                {
                    "name": "Zachary Tong"
                }
            ],
            "description": "PHP Client for Elasticsearch",
            "keywords": [
                "client",
                "elasticsearch",
                "search"
            ],
            "time": "2016-11-30 17:15:05"
        },
        {
            "name": "guzzlehttp/ringphp",
            "version": "1.1.0",
            "source": {
                "type": "git",
                "url": "https://github.com/guzzle/RingPHP.git",
                "reference": "dbbb91d7f6c191e5e405e900e3102ac7f261bc0b"
            },
            "dist": {
                "type": "zip",
                "url": "https://api.github.com/repos/guzzle/RingPHP/zipball/dbbb91d7f6c191e5e405e900e3102ac7f261bc0b",
                "reference": "dbbb91d7f6c191e5e405e900e3102ac7f261bc0b",
                "shasum": ""
            },
            "require": {
                "guzzlehttp/streams": "~3.0",
                "php": ">=5.4.0",
                "react/promise": "~2.0"
            },
            "require-dev": {
                "ext-curl": "*",
                "phpunit/phpunit": "~4.0"
            },
            "suggest": {
                "ext-curl": "Guzzle will use specific adapters if cURL is present"
            },
            "type": "library",
            "extra": {
                "branch-alias": {
                    "dev-master": "1.1-dev"
                }
            },
            "autoload": {
                "psr-4": {
                    "GuzzleHttp\\Ring\\": "src/"
                }
            },
            "notification-url": "https://packagist.org/downloads/",
            "license": [
                "MIT"
            ],
            "authors": [
                {
                    "name": "Michael Dowling",
                    "email": "mtdowling@gmail.com",
                    "homepage": "https://github.com/mtdowling"
                }
            ],
            "description": "Provides a simple API and specification that abstracts away the details of HTTP into a single PHP function.",
            "time": "2015-05-20 03:37:09"
        },
        {
            "name": "guzzlehttp/streams",
            "version": "3.0.0",
            "source": {
                "type": "git",
                "url": "https://github.com/guzzle/streams.git",
                "reference": "47aaa48e27dae43d39fc1cea0ccf0d84ac1a2ba5"
            },
            "dist": {
                "type": "zip",
                "url": "https://api.github.com/repos/guzzle/streams/zipball/47aaa48e27dae43d39fc1cea0ccf0d84ac1a2ba5",
                "reference": "47aaa48e27dae43d39fc1cea0ccf0d84ac1a2ba5",
                "shasum": ""
            },
            "require": {
                "php": ">=5.4.0"
            },
            "require-dev": {
                "phpunit/phpunit": "~4.0"
            },
            "type": "library",
            "extra": {
                "branch-alias": {
                    "dev-master": "3.0-dev"
                }
            },
            "autoload": {
                "psr-4": {
                    "GuzzleHttp\\Stream\\": "src/"
                }
            },
            "notification-url": "https://packagist.org/downloads/",
            "license": [
                "MIT"
            ],
            "authors": [
                {
                    "name": "Michael Dowling",
                    "email": "mtdowling@gmail.com",
                    "homepage": "https://github.com/mtdowling"
                }
            ],
            "description": "Provides a simple abstraction over streams of data",
            "homepage": "http://guzzlephp.org/",
            "keywords": [
                "Guzzle",
                "stream"
            ],
            "time": "2014-10-12 19:18:40"
        },
        {
            "name": "illuminate/contracts",
            "version": "v5.3.23",
            "source": {
                "type": "git",
                "url": "https://github.com/illuminate/contracts.git",
                "reference": "ce5d73c6015b2054d32f3f8530767847b358ae4e"
            },
            "dist": {
                "type": "zip",
                "url": "https://api.github.com/repos/illuminate/contracts/zipball/ce5d73c6015b2054d32f3f8530767847b358ae4e",
                "reference": "ce5d73c6015b2054d32f3f8530767847b358ae4e",
                "shasum": ""
            },
            "require": {
                "php": ">=5.6.4"
            },
            "type": "library",
            "extra": {
                "branch-alias": {
                    "dev-master": "5.3-dev"
                }
            },
            "autoload": {
                "psr-4": {
                    "Illuminate\\Contracts\\": ""
                }
            },
            "notification-url": "https://packagist.org/downloads/",
            "license": [
                "MIT"
            ],
            "authors": [
                {
                    "name": "Taylor Otwell",
                    "email": "taylor@laravel.com"
                }
            ],
            "description": "The Illuminate Contracts package.",
            "homepage": "https://laravel.com",
            "time": "2016-09-26 20:36:27"
        },
        {
            "name": "illuminate/support",
            "version": "v5.3.23",
            "source": {
                "type": "git",
                "url": "https://github.com/illuminate/support.git",
                "reference": "050d0ed3e1c0e1d129d73b2eaa14044e46a66f77"
            },
            "dist": {
                "type": "zip",
                "url": "https://api.github.com/repos/illuminate/support/zipball/050d0ed3e1c0e1d129d73b2eaa14044e46a66f77",
                "reference": "050d0ed3e1c0e1d129d73b2eaa14044e46a66f77",
                "shasum": ""
            },
            "require": {
                "doctrine/inflector": "~1.0",
                "ext-mbstring": "*",
                "illuminate/contracts": "5.3.*",
                "paragonie/random_compat": "~1.4|~2.0",
                "php": ">=5.6.4"
            },
            "replace": {
                "tightenco/collect": "self.version"
            },
            "suggest": {
                "illuminate/filesystem": "Required to use the composer class (5.2.*).",
                "symfony/process": "Required to use the composer class (3.1.*).",
                "symfony/var-dumper": "Required to use the dd function (3.1.*)."
            },
            "type": "library",
            "extra": {
                "branch-alias": {
                    "dev-master": "5.3-dev"
                }
            },
            "autoload": {
                "psr-4": {
                    "Illuminate\\Support\\": ""
                },
                "files": [
                    "helpers.php"
                ]
            },
            "notification-url": "https://packagist.org/downloads/",
            "license": [
                "MIT"
            ],
            "authors": [
                {
                    "name": "Taylor Otwell",
                    "email": "taylor@laravel.com"
                }
            ],
            "description": "The Illuminate Support package.",
            "homepage": "https://laravel.com",
            "time": "2016-11-03 15:25:28"
        },
        {
            "name": "jenssegers/agent",
            "version": "v2.4.0",
            "source": {
                "type": "git",
                "url": "https://github.com/jenssegers/agent.git",
                "reference": "7a9bfa147169bd47b0de89438b96a41ae0a3b077"
            },
            "dist": {
                "type": "zip",
                "url": "https://api.github.com/repos/jenssegers/agent/zipball/7a9bfa147169bd47b0de89438b96a41ae0a3b077",
                "reference": "7a9bfa147169bd47b0de89438b96a41ae0a3b077",
                "shasum": ""
            },
            "require": {
                "illuminate/support": "^4.0|^5.0",
                "mobiledetect/mobiledetectlib": "^2.7.6",
                "php": ">=5.4.0"
            },
            "require-dev": {
                "phpunit/phpunit": "^4.8|^5.0",
                "satooshi/php-coveralls": "^1.0"
            },
            "type": "library",
            "extra": {
                "branch-alias": {
                    "dev-master": "3.0-dev"
                }
            },
            "autoload": {
                "psr-4": {
                    "Jenssegers\\Agent\\": "src/"
                }
            },
            "notification-url": "https://packagist.org/downloads/",
            "license": [
                "MIT"
            ],
            "authors": [
                {
                    "name": "Jens Segers",
                    "homepage": "https://jenssegers.com"
                }
            ],
            "description": "Desktop/mobile user agent parser with support for Laravel, based on Mobiledetect",
            "homepage": "https://github.com/jenssegers/agent",
            "keywords": [
                "Agent",
                "browser",
                "desktop",
                "laravel",
                "mobile",
                "platform",
                "user agent",
                "useragent"
            ],
            "time": "2016-12-10 11:39:28"
        },
        {
            "name": "mobiledetect/mobiledetectlib",
            "version": "2.8.24",
            "source": {
                "type": "git",
                "url": "https://github.com/serbanghita/Mobile-Detect.git",
                "reference": "cdf8f8efaf993bc687e78e4622f5eebd0b8b3bf3"
            },
            "dist": {
                "type": "zip",
                "url": "https://api.github.com/repos/serbanghita/Mobile-Detect/zipball/cdf8f8efaf993bc687e78e4622f5eebd0b8b3bf3",
                "reference": "cdf8f8efaf993bc687e78e4622f5eebd0b8b3bf3",
                "shasum": ""
            },
            "require": {
                "php": ">=5.0.0"
            },
            "require-dev": {
                "codeclimate/php-test-reporter": "dev-master",
                "johnkary/phpunit-speedtrap": "~1.0@dev",
                "phpunit/phpunit": "*"
            },
            "type": "library",
            "autoload": {
                "classmap": [
                    "Mobile_Detect.php"
                ],
                "psr-0": {
                    "Detection": "namespaced/"
                }
            },
            "notification-url": "https://packagist.org/downloads/",
            "license": [
                "MIT"
            ],
            "authors": [
                {
                    "name": "Serban Ghita",
                    "email": "serbanghita@gmail.com",
                    "homepage": "http://mobiledetect.net",
                    "role": "Developer"
                }
            ],
            "description": "Mobile_Detect is a lightweight PHP class for detecting mobile devices. It uses the User-Agent string combined with specific HTTP headers to detect the mobile environment.",
            "homepage": "https://github.com/serbanghita/Mobile-Detect",
            "keywords": [
                "detect mobile devices",
                "mobile",
                "mobile detect",
                "mobile detector",
                "php mobile detect"
            ],
            "time": "2016-11-11 14:56:25"
        },
        {
            "name": "paragonie/random_compat",
            "version": "v2.0.4",
            "source": {
                "type": "git",
                "url": "https://github.com/paragonie/random_compat.git",
                "reference": "a9b97968bcde1c4de2a5ec6cbd06a0f6c919b46e"
            },
            "dist": {
                "type": "zip",
                "url": "https://api.github.com/repos/paragonie/random_compat/zipball/a9b97968bcde1c4de2a5ec6cbd06a0f6c919b46e",
                "reference": "a9b97968bcde1c4de2a5ec6cbd06a0f6c919b46e",
                "shasum": ""
            },
            "require": {
                "php": ">=5.2.0"
            },
            "require-dev": {
                "phpunit/phpunit": "4.*|5.*"
            },
            "suggest": {
                "ext-libsodium": "Provides a modern crypto API that can be used to generate random bytes."
            },
            "type": "library",
            "autoload": {
                "files": [
                    "lib/random.php"
                ]
            },
            "notification-url": "https://packagist.org/downloads/",
            "license": [
                "MIT"
            ],
            "authors": [
                {
                    "name": "Paragon Initiative Enterprises",
                    "email": "security@paragonie.com",
                    "homepage": "https://paragonie.com"
                }
            ],
            "description": "PHP 5.x polyfill for random_bytes() and random_int() from PHP 7",
            "keywords": [
                "csprng",
                "pseudorandom",
                "random"
            ],
            "time": "2016-11-07 23:38:38"
        },
        {
            "name": "psr/log",
            "version": "1.0.2",
            "source": {
                "type": "git",
                "url": "https://github.com/php-fig/log.git",
                "reference": "4ebe3a8bf773a19edfe0a84b6585ba3d401b724d"
            },
            "dist": {
                "type": "zip",
                "url": "https://api.github.com/repos/php-fig/log/zipball/4ebe3a8bf773a19edfe0a84b6585ba3d401b724d",
                "reference": "4ebe3a8bf773a19edfe0a84b6585ba3d401b724d",
                "shasum": ""
            },
            "require": {
                "php": ">=5.3.0"
            },
            "type": "library",
            "extra": {
                "branch-alias": {
                    "dev-master": "1.0.x-dev"
                }
            },
            "autoload": {
                "psr-4": {
                    "Psr\\Log\\": "Psr/Log/"
                }
            },
            "notification-url": "https://packagist.org/downloads/",
            "license": [
                "MIT"
            ],
            "authors": [
                {
                    "name": "PHP-FIG",
                    "homepage": "http://www.php-fig.org/"
                }
            ],
            "description": "Common interface for logging libraries",
            "homepage": "https://github.com/php-fig/log",
            "keywords": [
                "log",
                "psr",
                "psr-3"
            ],
            "time": "2016-10-10 12:19:37"
        },
        {
            "name": "react/promise",
            "version": "v2.4.1",
            "source": {
                "type": "git",
                "url": "https://github.com/reactphp/promise.git",
                "reference": "8025426794f1944de806618671d4fa476dc7626f"
            },
            "dist": {
                "type": "zip",
                "url": "https://api.github.com/repos/reactphp/promise/zipball/8025426794f1944de806618671d4fa476dc7626f",
                "reference": "8025426794f1944de806618671d4fa476dc7626f",
                "shasum": ""
            },
            "require": {
                "php": ">=5.4.0"
            },
            "type": "library",
            "extra": {
                "branch-alias": {
                    "dev-master": "2.0-dev"
                }
            },
            "autoload": {
                "psr-4": {
                    "React\\Promise\\": "src/"
                },
                "files": [
                    "src/functions_include.php"
                ]
            },
            "notification-url": "https://packagist.org/downloads/",
            "license": [
                "MIT"
            ],
            "authors": [
                {
                    "name": "Jan Sorgalla",
                    "email": "jsorgalla@gmail.com"
                }
            ],
            "description": "A lightweight implementation of CommonJS Promises/A for PHP",
            "time": "2016-05-03 17:50:52"
        }
    ],
    "packages-dev": [],
    "aliases": [],
    "minimum-stability": "stable",
    "stability-flags": [],
    "prefer-stable": false,
    "prefer-lowest": false,
    "platform": {
        "php": ">=5.5.0"
    },
    "platform-dev": []
}
